
Microsoft Visual Studio Solution File, Format Version 12.00
# Visual Studio Version 16
VisualStudioVersion = 16.0.31613.86
MinimumVisualStudioVersion = 10.0.40219.1
Project("{2150E333-8FDC-42A3-9474-1A3956D46DE8}") = "1-Presentation", "1-Presentation", "{19D0ACAE-1BE1-46F1-A25D-8FDF15BDA4E0}"
EndProject
Project("{2150E333-8FDC-42A3-9474-1A3956D46DE8}") = "2-Application", "2-Application", "{8B8AD2F3-6C32-4A3C-977C-9FB4507C6D05}"
EndProject
Project("{2150E333-8FDC-42A3-9474-1A3956D46DE8}") = "4-Infra", "4-Infra", "{785CDF3B-C0A6-48D2-A5D3-0B69A55D766F}"
EndProject
Project("{2150E333-8FDC-42A3-9474-1A3956D46DE8}") = "3-Domain", "3-Domain", "{8D7A92F4-B954-4872-BA84-8DA17326D579}"
EndProject
Project("{2150E333-8FDC-42A3-9474-1A3956D46DE8}") = "5-Entities", "5-Entities", "{65D078DC-119C-4BCC-9B74-CA314F426F89}"
EndProject
Project("{9A19103F-16F7-4668-BE54-9A1E7A4F7556}") = "ApiTesteCandidato", "ApiTesteCandidato\ApiTesteCandidato.csproj", "{A33DA8B7-C81E-4703-ABD1-F1BF4D26900F}"
EndProject
Project("{9A19103F-16F7-4668-BE54-9A1E7A4F7556}") = "DomainTesteCandidato", "DomainTesteCandidato\DomainTesteCandidato.csproj", "{C5BAD673-679B-4A52-979E-F1EDE03984A0}"
EndProject
Project("{9A19103F-16F7-4668-BE54-9A1E7A4F7556}") = "InfraTesteCandidato", "InfraTesteCandidato\InfraTesteCandidato.csproj", "{0E82FE1E-20FA-4403-A322-FEB59B61B4AE}"
EndProject
Project("{9A19103F-16F7-4668-BE54-9A1E7A4F7556}") = "EntitiesTesteCandidato", "EntitiesTesteCandidato\EntitiesTesteCandidato.csproj", "{7BBDFBF8-332D-4C7E-B9B1-B39AEC6F8378}"
EndProject
Project("{9A19103F-16F7-4668-BE54-9A1E7A4F7556}") = "WebTesteCandidatoMotor", "WebTesteCandidatoMotor\WebTesteCandidatoMotor.csproj", "{77A49262-9125-4A93-8313-29A735861551}"
EndProject
Project("{2150E333-8FDC-42A3-9474-1A3956D46DE8}") = "6-Tests", "6-Tests", "{9B6D2A7B-5E6F-4660-986B-3259727D4B7E}"
EndProject
Project("{FAE04EC0-301F-11D3-BF4B-00C04F79EFBC}") = "Tests", "Tests\Tests.csproj", "{BD13DD29-C2C4-4C59-822F-455477E61F8C}"
EndProject
Global
	GlobalSection(SolutionConfigurationPlatforms) = preSolution
		Debug|Any CPU = Debug|Any CPU
		Release|Any CPU = Release|Any CPU
	EndGlobalSection
	GlobalSection(ProjectConfigurationPlatforms) = postSolution
		{A33DA8B7-C81E-4703-ABD1-F1BF4D26900F}.Debug|Any CPU.ActiveCfg = Debug|Any CPU
		{A33DA8B7-C81E-4703-ABD1-F1BF4D26900F}.Debug|Any CPU.Build.0 = Debug|Any CPU
		{A33DA8B7-C81E-4703-ABD1-F1BF4D26900F}.Release|Any CPU.ActiveCfg = Release|Any CPU
		{A33DA8B7-C81E-4703-ABD1-F1BF4D26900F}.Release|Any CPU.Build.0 = Release|Any CPU
		{C5BAD673-679B-4A52-979E-F1EDE03984A0}.Debug|Any CPU.ActiveCfg = Debug|Any CPU
		{C5BAD673-679B-4A52-979E-F1EDE03984A0}.Debug|Any CPU.Build.0 = Debug|Any CPU
		{C5BAD673-679B-4A52-979E-F1EDE03984A0}.Release|Any CPU.ActiveCfg = Release|Any CPU
		{C5BAD673-679B-4A52-979E-F1EDE03984A0}.Release|Any CPU.Build.0 = Release|Any CPU
		{0E82FE1E-20FA-4403-A322-FEB59B61B4AE}.Debug|Any CPU.ActiveCfg = Debug|Any CPU
		{0E82FE1E-20FA-4403-A322-FEB59B61B4AE}.Debug|Any CPU.Build.0 = Debug|Any CPU
		{0E82FE1E-20FA-4403-A322-FEB59B61B4AE}.Release|Any CPU.ActiveCfg = Release|Any CPU
		{0E82FE1E-20FA-4403-A322-FEB59B61B4AE}.Release|Any CPU.Build.0 = Release|Any CPU
		{7BBDFBF8-332D-4C7E-B9B1-B39AEC6F8378}.Debug|Any CPU.ActiveCfg = Debug|Any CPU
		{7BBDFBF8-332D-4C7E-B9B1-B39AEC6F8378}.Debug|Any CPU.Build.0 = Debug|Any CPU
		{7BBDFBF8-332D-4C7E-B9B1-B39AEC6F8378}.Release|Any CPU.ActiveCfg = Release|Any CPU
		{7BBDFBF8-332D-4C7E-B9B1-B39AEC6F8378}.Release|Any CPU.Build.0 = Release|Any CPU
		{77A49262-9125-4A93-8313-29A735861551}.Debug|Any CPU.ActiveCfg = Debug|Any CPU
		{77A49262-9125-4A93-8313-29A735861551}.Debug|Any CPU.Build.0 = Debug|Any CPU
		{77A49262-9125-4A93-8313-29A735861551}.Release|Any CPU.ActiveCfg = Release|Any CPU
		{77A49262-9125-4A93-8313-29A735861551}.Release|Any CPU.Build.0 = Release|Any CPU
		{BD13DD29-C2C4-4C59-822F-455477E61F8C}.Debug|Any CPU.ActiveCfg = Debug|Any CPU
		{BD13DD29-C2C4-4C59-822F-455477E61F8C}.Debug|Any CPU.Build.0 = Debug|Any CPU
		{BD13DD29-C2C4-4C59-822F-455477E61F8C}.Release|Any CPU.ActiveCfg = Release|Any CPU
		{BD13DD29-C2C4-4C59-822F-455477E61F8C}.Release|Any CPU.Build.0 = Release|Any CPU
	EndGlobalSection
	GlobalSection(SolutionProperties) = preSolution
		HideSolutionNode = FALSE
	EndGlobalSection
	GlobalSection(NestedProjects) = preSolution
		{A33DA8B7-C81E-4703-ABD1-F1BF4D26900F} = {8B8AD2F3-6C32-4A3C-977C-9FB4507C6D05}
		{C5BAD673-679B-4A52-979E-F1EDE03984A0} = {8D7A92F4-B954-4872-BA84-8DA17326D579}
		{0E82FE1E-20FA-4403-A322-FEB59B61B4AE} = {785CDF3B-C0A6-48D2-A5D3-0B69A55D766F}
		{7BBDFBF8-332D-4C7E-B9B1-B39AEC6F8378} = {65D078DC-119C-4BCC-9B74-CA314F426F89}
		{77A49262-9125-4A93-8313-29A735861551} = {19D0ACAE-1BE1-46F1-A25D-8FDF15BDA4E0}
		{BD13DD29-C2C4-4C59-822F-455477E61F8C} = {9B6D2A7B-5E6F-4660-986B-3259727D4B7E}
	EndGlobalSection
	GlobalSection(ExtensibilityGlobals) = postSolution
		SolutionGuid = {F4F69071-FBBC-461D-9AC3-2B8E4150AA70}
	EndGlobalSection
EndGlobal
